{
  "nodes": {
    "disko": {
      "inputs": {
        "nixpkgs": [
          "nixpkgs"
        ]
      },
      "locked": {
        "lastModified": 1781152676,
        "narHash": "sha256-RxWs5ND31KzTG7wvMM+PMfUjyNpmIEr999lqNARaM5o=",
        "owner": "nix-community",
        "repo": "disko",
        "rev": "ff8702b4de27f72b4c78573dfb89ec74e36abdf1",
        "type": "github"
      },
      "original": {
        "owner": "nix-community",
        "repo": "disko",
        "type": "github"
      }
    },
    "home-manager": {
      "inputs": {
        "nixpkgs": [
          "nixpkgs"
        ]
      },
      "locked": {
        "lastModified": 1782423922,
        "narHash": "sha256-qPNd6lUohHP5gcJhqQ7rLV87RwIx0xYR2A4Frb9Zjc4=",
        "owner": "nix-community",
        "repo": "home-manager",
        "rev": "5d320ab301cfaaca7d32514f13815d19d109f5f4",
        "type": "github"
      },
      "original": {
        "owner": "nix-community",
        "repo": "home-manager",
        "type": "github"
      }
    },
    "home-manager_2": {
      "inputs": {
        "nixpkgs": [
          "zen-browser",
          "nixpkgs"
        ]
      },
      "locked": {
        "lastModified": 1781497404,
        "narHash": "sha256-9GAF8sSsnkyCVCWkomXR0T+zdSxyUlfPt6neQidimdg=",
        "owner": "nix-community",
        "repo": "home-manager",
        "rev": "1285cd3d6882a9847f2d56ed5541b3350c8a6162",
        "type": "github"
      },
      "original": {
        "owner": "nix-community",
        "repo": "home-manager",
        "type": "github"
      }
    },
    "lsfg-vk-src": {
      "flake": false,
      "locked": {
        "lastModified": 1777143138,
        "narHash": "sha256-Qb3vufCzNpM1r+vgo8M9nnA7CENgGTithWG0oXqLKbI=",
        "owner": "PancakeTAS",
        "repo": "lsfg-vk",
        "rev": "218820e8dc2d69c21a7a0775b5c47f2c447ed31a",
        "type": "github"
      },
      "original": {
        "owner": "PancakeTAS",
        "ref": "develop",
        "repo": "lsfg-vk",
        "type": "github"
      }
    },
    "nixpkgs": {
      "locked": {
        "lastModified": 1781577229,
        "narHash": "sha256-lrp67w8AulE9Ks53n27I45ADSzbOCn4H+CNW1Ck8B+8=",
        "owner": "nixos",
        "repo": "nixpkgs",
        "rev": "567a49d1913ce81ac6e9582e3553dd90a955875f",
        "type": "github"
      },
      "original": {
        "owner": "nixos",
        "ref": "nixos-unstable",
        "repo": "nixpkgs",
        "type": "github"
      }
    },
    "nixpkgs-small": {
      "locked": {
        "lastModified": 1782462661,
        "narHash": "sha256-vYQcPDeKjvhAigTJaEARpSLy7oEitPP7Vo2t9uN958s=",
        "owner": "nixos",
        "repo": "nixpkgs",
        "rev": "410a3a0797f45e9306d8b7b6c4491ab09973afbe",
        "type": "github"
      },
      "original": {
        "owner": "nixos",
        "ref": "nixos-unstable-small",
        "repo": "nixpkgs",
        "type": "github"
      }
    },
    "nixpkgs_2": {
      "locked": {
        "lastModified": 1781577229,
        "narHash": "sha256-rcUHdUtJEvMdNEl2Wq+YpHraHKfcer3KsBscpZEF2Yg=",
        "rev": "567a49d1913ce81ac6e9582e3553dd90a955875f",
        "type": "tarball",
        "url": "https://releases.nixos.org/nixos/unstable/nixos-26.11pre1017464.567a49d1913c/nixexprs.tar.xz"
      },
      "original": {
        "type": "tarball",
        "url": "https://channels.nixos.org/nixos-unstable/nixexprs.tar.xz"
      }
    },
    "nixpkgs_3": {
      "locked": {
        "lastModified": 1781577229,
        "narHash": "sha256-rcUHdUtJEvMdNEl2Wq+YpHraHKfcer3KsBscpZEF2Yg=",
        "rev": "567a49d1913ce81ac6e9582e3553dd90a955875f",
        "type": "tarball",
        "url": "https://releases.nixos.org/nixos/unstable/nixos-26.11pre1017464.567a49d1913c/nixexprs.tar.xz"
      },
      "original": {
        "type": "tarball",
        "url": "https://channels.nixos.org/nixos-unstable/nixexprs.tar.xz"
      }
    },
    "nixpkgs_4": {
      "locked": {
        "lastModified": 1781074563,
        "narHash": "sha256-md8WlXOlfnIeHeOScMTTHFyf2d6iaTwPl2apR5EQ3P4=",
        "owner": "nixos",
        "repo": "nixpkgs",
        "rev": "9ae611a455b90cf061d8f332b977e387bda8e1ca",
        "type": "github"
      },
      "original": {
        "owner": "nixos",
        "ref": "nixos-unstable",
        "repo": "nixpkgs",
        "type": "github"
      }
    },
    "noctalia": {
      "inputs": {
        "nixpkgs": "nixpkgs_2"
      },
      "locked": {
        "lastModified": 1782476892,
        "narHash": "sha256-S4TfsELA5bjAiXzX6j1HfCYQxgJ03xacfr0JDOMcoYY=",
        "owner": "noctalia-dev",
        "repo": "noctalia",
        "rev": "d012782775d808a846b641da77b89c3b0777c219",
        "type": "github"
      },
      "original": {
        "owner": "noctalia-dev",
        "repo": "noctalia",
        "type": "github"
      }
    },
    "noctalia-greeter": {
      "inputs": {
        "nixpkgs": "nixpkgs_3"
      },
      "locked": {
        "lastModified": 1782384482,
        "narHash": "sha256-/M/0qSuGh3Jc2KwcwxlSSURNxFnB8GtytVPKlVi5r90=",
        "owner": "noctalia-dev",
        "repo": "noctalia-greeter",
        "rev": "ff35479bc920469fe371611915d7b20624237672",
        "type": "github"
      },
      "original": {
        "owner": "noctalia-dev",
        "repo": "noctalia-greeter",
        "type": "github"
      }
    },
    "root": {
      "inputs": {
        "disko": "disko",
        "home-manager": "home-manager",
        "lsfg-vk-src": "lsfg-vk-src",
        "nixpkgs": "nixpkgs",
        "nixpkgs-small": "nixpkgs-small",
        "noctalia": "noctalia",
        "noctalia-greeter": "noctalia-greeter",
        "zen-browser": "zen-browser"
      }
    },
    "zen-browser": {
      "inputs": {
        "home-manager": "home-manager_2",
        "nixpkgs": "nixpkgs_4"
      },
      "locked": {
        "lastModified": 1782460457,
        "narHash": "sha256-R3EXRxLmv1uqMtacBi0L8gUCOWC6EpCPSXebf8e+vac=",
        "owner": "0xc000022070",
        "repo": "zen-browser-flake",
        "rev": "563e515460b6c3bb68552979e3abbca447f8aaf1",
        "type": "github"
      },
      "original": {
        "owner": "0xc000022070",
        "repo": "zen-browser-flake",
        "type": "github"
      }
    }
  },
  "root": "root",
  "version": 7
}
